
Microsoft Visual Studio Solution File, Format Version 12.00
# Visual Studio 15
Project("{FAE04EC0-301F-11D3-BF4B-00C04F79EFBC}") = "Assembly-CSharp", "Assembly-CSharp.csproj", "{31B55348-6D9B-646F-7BE6-53910CC47915}"
EndProject
Project("{FAE04EC0-301F-11D3-BF4B-00C04F79EFBC}") = "Assembly-CSharp-Editor", "Assembly-CSharp-Editor.csproj", "{C5D302E5-9D7F-526F-9A57-92A4CA5792CE}"
EndProject
Global
	GlobalSection(SolutionConfigurationPlatforms) = preSolution
		Debug|Any CPU = Debug|Any CPU
		Release|Any CPU = Release|Any CPU
	EndGlobalSection
	GlobalSection(ProjectConfigurationPlatforms) = postSolution
		{31B55348-6D9B-646F-7BE6-53910CC47915}.Debug|Any CPU.ActiveCfg = Debug|Any CPU
		{31B55348-6D9B-646F-7BE6-53910CC47915}.Debug|Any CPU.Build.0 = Debug|Any CPU
		{31B55348-6D9B-646F-7BE6-53910CC47915}.Release|Any CPU.ActiveCfg = Release|Any CPU
		{31B55348-6D9B-646F-7BE6-53910CC47915}.Release|Any CPU.Build.0 = Release|Any CPU
		{C5D302E5-9D7F-526F-9A57-92A4CA5792CE}.Debug|Any CPU.ActiveCfg = Debug|Any CPU
		{C5D302E5-9D7F-526F-9A57-92A4CA5792CE}.Debug|Any CPU.Build.0 = Debug|Any CPU
		{C5D302E5-9D7F-526F-9A57-92A4CA5792CE}.Release|Any CPU.ActiveCfg = Release|Any CPU
		{C5D302E5-9D7F-526F-9A57-92A4CA5792CE}.Release|Any CPU.Build.0 = Release|Any CPU
	EndGlobalSection
	GlobalSection(SolutionProperties) = preSolution
		HideSolutionNode = FALSE
	EndGlobalSection
EndGlobal
