
Microsoft Visual Studio Solution File, Format Version 12.00
# Visual Studio 15
Project("{FAE04EC0-301F-11D3-BF4B-00C04F79EFBC}") = "UniTask.Editor", "UniTask.Editor.csproj", "{EEB5DBD7-F2B2-5752-2FCB-7C2FF02DDD15}"
EndProject
Project("{FAE04EC0-301F-11D3-BF4B-00C04F79EFBC}") = "UniTask.Linq", "UniTask.Linq.csproj", "{B51E78C5-94AB-A290-3006-A893E8EC3530}"
EndProject
Project("{FAE04EC0-301F-11D3-BF4B-00C04F79EFBC}") = "UniTask", "UniTask.csproj", "{A3741492-DC4E-D4A0-F36E-287AEEA173C7}"
EndProject
Project("{FAE04EC0-301F-11D3-BF4B-00C04F79EFBC}") = "CoreAssembly", "CoreAssembly.csproj", "{6111030D-5DBB-55D4-F29F-0E6467BE57B3}"
EndProject
Project("{FAE04EC0-301F-11D3-BF4B-00C04F79EFBC}") = "UniTask.TextMeshPro", "UniTask.TextMeshPro.csproj", "{476EA117-BA4B-860A-BC29-8D150FF55EF1}"
EndProject
Project("{FAE04EC0-301F-11D3-BF4B-00C04F79EFBC}") = "UniTask.Addressables", "UniTask.Addressables.csproj", "{8AD4299B-B517-06DC-87AF-D3055517A427}"
EndProject
Project("{FAE04EC0-301F-11D3-BF4B-00C04F79EFBC}") = "UniTask.DOTween", "UniTask.DOTween.csproj", "{AA9F208D-7C10-3A0C-B4DC-DBAB2B43DAFB}"
EndProject
Project("{FAE04EC0-301F-11D3-BF4B-00C04F79EFBC}") = "CorePluginsAssembly", "CorePluginsAssembly.csproj", "{2CA4F61A-AE58-12F7-1DE7-33176778F330}"
EndProject
Project("{FAE04EC0-301F-11D3-BF4B-00C04F79EFBC}") = "DarkmatterEditorAssembly", "DarkmatterEditorAssembly.csproj", "{6A2C934C-C53C-B2B6-B109-7C4BDE252166}"
EndProject
Global
	GlobalSection(SolutionConfigurationPlatforms) = preSolution
		Debug|Any CPU = Debug|Any CPU
		Release|Any CPU = Release|Any CPU
	EndGlobalSection
	GlobalSection(ProjectConfigurationPlatforms) = postSolution
		{EEB5DBD7-F2B2-5752-2FCB-7C2FF02DDD15}.Debug|Any CPU.ActiveCfg = Debug|Any CPU
		{EEB5DBD7-F2B2-5752-2FCB-7C2FF02DDD15}.Debug|Any CPU.Build.0 = Debug|Any CPU
		{EEB5DBD7-F2B2-5752-2FCB-7C2FF02DDD15}.Release|Any CPU.ActiveCfg = Release|Any CPU
		{EEB5DBD7-F2B2-5752-2FCB-7C2FF02DDD15}.Release|Any CPU.Build.0 = Release|Any CPU
		{B51E78C5-94AB-A290-3006-A893E8EC3530}.Debug|Any CPU.ActiveCfg = Debug|Any CPU
		{B51E78C5-94AB-A290-3006-A893E8EC3530}.Debug|Any CPU.Build.0 = Debug|Any CPU
		{B51E78C5-94AB-A290-3006-A893E8EC3530}.Release|Any CPU.ActiveCfg = Release|Any CPU
		{B51E78C5-94AB-A290-3006-A893E8EC3530}.Release|Any CPU.Build.0 = Release|Any CPU
		{A3741492-DC4E-D4A0-F36E-287AEEA173C7}.Debug|Any CPU.ActiveCfg = Debug|Any CPU
		{A3741492-DC4E-D4A0-F36E-287AEEA173C7}.Debug|Any CPU.Build.0 = Debug|Any CPU
		{A3741492-DC4E-D4A0-F36E-287AEEA173C7}.Release|Any CPU.ActiveCfg = Release|Any CPU
		{A3741492-DC4E-D4A0-F36E-287AEEA173C7}.Release|Any CPU.Build.0 = Release|Any CPU
		{6111030D-5DBB-55D4-F29F-0E6467BE57B3}.Debug|Any CPU.ActiveCfg = Debug|Any CPU
		{6111030D-5DBB-55D4-F29F-0E6467BE57B3}.Debug|Any CPU.Build.0 = Debug|Any CPU
		{6111030D-5DBB-55D4-F29F-0E6467BE57B3}.Release|Any CPU.ActiveCfg = Release|Any CPU
		{6111030D-5DBB-55D4-F29F-0E6467BE57B3}.Release|Any CPU.Build.0 = Release|Any CPU
		{476EA117-BA4B-860A-BC29-8D150FF55EF1}.Debug|Any CPU.ActiveCfg = Debug|Any CPU
		{476EA117-BA4B-860A-BC29-8D150FF55EF1}.Debug|Any CPU.Build.0 = Debug|Any CPU
		{476EA117-BA4B-860A-BC29-8D150FF55EF1}.Release|Any CPU.ActiveCfg = Release|Any CPU
		{476EA117-BA4B-860A-BC29-8D150FF55EF1}.Release|Any CPU.Build.0 = Release|Any CPU
		{8AD4299B-B517-06DC-87AF-D3055517A427}.Debug|Any CPU.ActiveCfg = Debug|Any CPU
		{8AD4299B-B517-06DC-87AF-D3055517A427}.Debug|Any CPU.Build.0 = Debug|Any CPU
		{8AD4299B-B517-06DC-87AF-D3055517A427}.Release|Any CPU.ActiveCfg = Release|Any CPU
		{8AD4299B-B517-06DC-87AF-D3055517A427}.Release|Any CPU.Build.0 = Release|Any CPU
		{AA9F208D-7C10-3A0C-B4DC-DBAB2B43DAFB}.Debug|Any CPU.ActiveCfg = Debug|Any CPU
		{AA9F208D-7C10-3A0C-B4DC-DBAB2B43DAFB}.Debug|Any CPU.Build.0 = Debug|Any CPU
		{AA9F208D-7C10-3A0C-B4DC-DBAB2B43DAFB}.Release|Any CPU.ActiveCfg = Release|Any CPU
		{AA9F208D-7C10-3A0C-B4DC-DBAB2B43DAFB}.Release|Any CPU.Build.0 = Release|Any CPU
		{2CA4F61A-AE58-12F7-1DE7-33176778F330}.Debug|Any CPU.ActiveCfg = Debug|Any CPU
		{2CA4F61A-AE58-12F7-1DE7-33176778F330}.Debug|Any CPU.Build.0 = Debug|Any CPU
		{2CA4F61A-AE58-12F7-1DE7-33176778F330}.Release|Any CPU.ActiveCfg = Release|Any CPU
		{2CA4F61A-AE58-12F7-1DE7-33176778F330}.Release|Any CPU.Build.0 = Release|Any CPU
		{6A2C934C-C53C-B2B6-B109-7C4BDE252166}.Debug|Any CPU.ActiveCfg = Debug|Any CPU
		{6A2C934C-C53C-B2B6-B109-7C4BDE252166}.Debug|Any CPU.Build.0 = Debug|Any CPU
		{6A2C934C-C53C-B2B6-B109-7C4BDE252166}.Release|Any CPU.ActiveCfg = Release|Any CPU
		{6A2C934C-C53C-B2B6-B109-7C4BDE252166}.Release|Any CPU.Build.0 = Release|Any CPU
	EndGlobalSection
	GlobalSection(SolutionProperties) = preSolution
		HideSolutionNode = FALSE
	EndGlobalSection
EndGlobal
